
Microsoft Visual Studio Solution File, Format Version 12.00
# Visual Studio Version 17
VisualStudioVersion = 17.8.34316.72
MinimumVisualStudioVersion = 10.0.40219.1
Project("{FAE04EC0-301F-11D3-BF4B-00C04F79EFBC}") = "Katalog_yslyg", "Katalog_yslyg.csproj", "{8EB5E867-817D-4A35-A13A-3999AD95FE1B}"
EndProject
Global
	GlobalSection(SolutionConfigurationPlatforms) = preSolution
		Debug|Any CPU = Debug|Any CPU
		Release|Any CPU = Release|Any CPU
	EndGlobalSection
	GlobalSection(ProjectConfigurationPlatforms) = postSolution
		{8EB5E867-817D-4A35-A13A-3999AD95FE1B}.Debug|Any CPU.ActiveCfg = Debug|Any CPU
		{8EB5E867-817D-4A35-A13A-3999AD95FE1B}.Debug|Any CPU.Build.0 = Debug|Any CPU
		{8EB5E867-817D-4A35-A13A-3999AD95FE1B}.Release|Any CPU.ActiveCfg = Release|Any CPU
		{8EB5E867-817D-4A35-A13A-3999AD95FE1B}.Release|Any CPU.Build.0 = Release|Any CPU
	EndGlobalSection
	GlobalSection(SolutionProperties) = preSolution
		HideSolutionNode = FALSE
	EndGlobalSection
	GlobalSection(ExtensibilityGlobals) = postSolution
		SolutionGuid = {AD4AA37D-F76B-4504-AC3F-BF71860D3459}
	EndGlobalSection
EndGlobal
